Microsoft Visual Studio Solution File, Format Version 12.00
# Visual Studio Version 17
VisualStudioVersion = 17.5.2.0
MinimumVisualStudioVersion = 10.0.40219.1
Project("{2150E333-8FDC-42A3-9474-1A3956D46DE8}") = "ExerciciosCurso", "ExerciciosCurso", "{CE265486-7E99-9D07-36D1-83E654728A6F}"
EndProject
Project("{2150E333-8FDC-42A3-9474-1A3956D46DE8}") = "MCP Learning", "MCP Learning", "{337332DD-99ED-52F8-40EF-B864FCA87060}"
EndProject
Project("{FAE04EC0-301F-11D3-BF4B-00C04F79EFBC}") = "weather", "ExerciciosCurso\MCP Learning\weather\weather.csproj", "{68AAC0B6-65FB-F1C2-5A32-7007E44544F5}"
EndProject
Global
	GlobalSection(SolutionConfigurationPlatforms) = preSolution
		Debug|Any CPU = Debug|Any CPU
		Release|Any CPU = Release|Any CPU
	EndGlobalSection
	GlobalSection(ProjectConfigurationPlatforms) = postSolution
		{68AAC0B6-65FB-F1C2-5A32-7007E44544F5}.Debug|Any CPU.ActiveCfg = Debug|Any CPU
		{68AAC0B6-65FB-F1C2-5A32-7007E44544F5}.Debug|Any CPU.Build.0 = Debug|Any CPU
		{68AAC0B6-65FB-F1C2-5A32-7007E44544F5}.Release|Any CPU.ActiveCfg = Release|Any CPU
		{68AAC0B6-65FB-F1C2-5A32-7007E44544F5}.Release|Any CPU.Build.0 = Release|Any CPU
	EndGlobalSection
	GlobalSection(SolutionProperties) = preSolution
		HideSolutionNode = FALSE
	EndGlobalSection
	GlobalSection(NestedProjects) = preSolution
		{337332DD-99ED-52F8-40EF-B864FCA87060} = {CE265486-7E99-9D07-36D1-83E654728A6F}
		{68AAC0B6-65FB-F1C2-5A32-7007E44544F5} = {337332DD-99ED-52F8-40EF-B864FCA87060}
	EndGlobalSection
	GlobalSection(ExtensibilityGlobals) = postSolution
		SolutionGuid = {C256AC52-F00C-4DD3-8117-96109A80C10D}
	EndGlobalSection
EndGlobal
